
Microsoft Visual Studio Solution File, Format Version 12.00
# Visual Studio Version 17
VisualStudioVersion = 17.5.33424.131
MinimumVisualStudioVersion = 10.0.40219.1
Project("{FAE04EC0-301F-11D3-BF4B-00C04F79EFBC}") = "aula3", "aula3.csproj", "{4B45CBD7-EA7A-4D9E-A43F-98560D5E4169}"
EndProject
Global
	GlobalSection(SolutionConfigurationPlatforms) = preSolution
		Debug|Any CPU = Debug|Any CPU
		Release|Any CPU = Release|Any CPU
	EndGlobalSection
	GlobalSection(ProjectConfigurationPlatforms) = postSolution
		{4B45CBD7-EA7A-4D9E-A43F-98560D5E4169}.Debug|Any CPU.ActiveCfg = Debug|Any CPU
		{4B45CBD7-EA7A-4D9E-A43F-98560D5E4169}.Debug|Any CPU.Build.0 = Debug|Any CPU
		{4B45CBD7-EA7A-4D9E-A43F-98560D5E4169}.Release|Any CPU.ActiveCfg = Release|Any CPU
		{4B45CBD7-EA7A-4D9E-A43F-98560D5E4169}.Release|Any CPU.Build.0 = Release|Any CPU
	EndGlobalSection
	GlobalSection(SolutionProperties) = preSolution
		HideSolutionNode = FALSE
	EndGlobalSection
	GlobalSection(ExtensibilityGlobals) = postSolution
		SolutionGuid = {EC8FC056-9CFF-4DE9-B3B1-AC65DFEA402D}
	EndGlobalSection
EndGlobal
